{
  "name": "electron-webtoon",
  "version": "2.4.0",
  "lockfileVersion": 3,
  "requires": true,
  "packages": {
    "": {
      "name": "electron-webtoon",
      "version": "2.4.0",
      "hasInstallScript": true,
      "license": "MIT",
      "dependencies": {
        "7zip-min": "^1.4.1"
      }
    },
    "node_modules/7zip-bin": {
      "version": "5.2.0",
      "resolved": "https://registry.npmjs.org/7zip-bin/-/7zip-bin-5.2.0.tgz",
      "integrity": "sha512-ukTPVhqG4jNzMro2qA9HSCSSVJN3aN7tlb+hfqYCt3ER0yWroeA2VR38MNrOHLQ/cVj+DaIMad0kFCtWWowh/A=="
    },
    "node_modules/7zip-min": {
      "version": "1.4.1",
      "resolved": "https://registry.npmjs.org/7zip-min/-/7zip-min-1.4.1.tgz",
      "integrity": "sha512-xiK95rSNr6cXB7UXVLJdrxtNrlXBqZrMhcKlq0S5Rsg6vVhh+9OSUyQIba8bSAGgHjpETlWXAYEuVfxYGEfCWA==",
      "dependencies": {
        "7zip-bin": "^5.1.1"
      }
    }
  }
}
